
Microsoft Visual Studio Solution File, Format Version 12.00
# Visual Studio Version 16
VisualStudioVersion = 16.0.810.21
MinimumVisualStudioVersion = 10.0.40219.1
Project("{FAE04EC0-301F-11D3-BF4B-00C04F79EFBC}") = "ConverterApp", "ConverterApp\ConverterApp.csproj", "{F27012BA-F6CD-4556-98F8-F9D108E2AF31}"
EndProject
Global
	GlobalSection(SolutionConfigurationPlatforms) = preSolution
		Debug|Any CPU = Debug|Any CPU
		Release|Any CPU = Release|Any CPU
	EndGlobalSection
	GlobalSection(ProjectConfigurationPlatforms) = postSolution
		{F27012BA-F6CD-4556-98F8-F9D108E2AF31}.Debug|Any CPU.ActiveCfg = Debug|Any CPU
		{F27012BA-F6CD-4556-98F8-F9D108E2AF31}.Debug|Any CPU.Build.0 = Debug|Any CPU
		{F27012BA-F6CD-4556-98F8-F9D108E2AF31}.Release|Any CPU.ActiveCfg = Release|Any CPU
		{F27012BA-F6CD-4556-98F8-F9D108E2AF31}.Release|Any CPU.Build.0 = Release|Any CPU
	EndGlobalSection
	GlobalSection(SolutionProperties) = preSolution
		HideSolutionNode = FALSE
	EndGlobalSection
	GlobalSection(ExtensibilityGlobals) = postSolution
		SolutionGuid = {B934D8F5-25EC-43E0-BEBE-FD5138BA5F45}
	EndGlobalSection
EndGlobal
